// !$*UTF8*$!
{
	archiveVersion = 1;
	classes = {
	};
	objectVersion = 55;
	objects = {

/* Begin PBXBuildFile section */
		531697AE28BDF99300FB1B4F /* AddOrEditConnection.storyboard in Resources */ = {isa = PBXBuildFile; fileRef = 531697AD28BDF99300FB1B4F /* AddOrEditConnection.storyboard */; };
		531697B328BDFECC00FB1B4F /* EpisodCollectionViewCell.swift in Sources */ = {isa = PBXBuildFile; fileRef = 531697B128BDFECC00FB1B4F /* EpisodCollectionViewCell.swift */; };
		531697B428BDFECC00FB1B4F /* EpisodCollectionViewCell.xib in Resources */ = {isa = PBXBuildFile; fileRef = 531697B228BDFECC00FB1B4F /* EpisodCollectionViewCell.xib */; };
		531697B628BE035D00FB1B4F /* AddOrEditController.swift in Sources */ = {isa = PBXBuildFile; fileRef = 531697B528BE035D00FB1B4F /* AddOrEditController.swift */; };
		531697B828BE036C00FB1B4F /* AddOrEditModel.swift in Sources */ = {isa = PBXBuildFile; fileRef = 531697B728BE036C00FB1B4F /* AddOrEditModel.swift */; };
		531697BB28BE081E00FB1B4F /* EpisodCollectionCellModel.swift in Sources */ = {isa = PBXBuildFile; fileRef = 531697BA28BE081E00FB1B4F /* EpisodCollectionCellModel.swift */; };
		531697BD28BE237000FB1B4F /* ReleaseMainModel.swift in Sources */ = {isa = PBXBuildFile; fileRef = 531697BC28BE237000FB1B4F /* ReleaseMainModel.swift */; };
		531DAADA28B8B12F0052FED1 /* ReleaseInfoCellModell.swift in Sources */ = {isa = PBXBuildFile; fileRef = 531DAAD928B8B12F0052FED1 /* ReleaseInfoCellModell.swift */; };
		5349E30728B36EAF00D14A99 /* XMLstructModel.swift in Sources */ = {isa = PBXBuildFile; fileRef = 5349E30628B36EAF00D14A99 /* XMLstructModel.swift */; };
		5349E30928B3786300D14A99 /* liveChartParserXML.swift in Sources */ = {isa = PBXBuildFile; fileRef = 5349E30828B3786300D14A99 /* liveChartParserXML.swift */; };
		535DD6A728B4C55700A8D1D2 /* EraiRawsParserXML.swift in Sources */ = {isa = PBXBuildFile; fileRef = 535DD6A628B4C55700A8D1D2 /* EraiRawsParserXML.swift */; };
		535DD6AA28B4CB7700A8D1D2 /* StringParser.swift in Sources */ = {isa = PBXBuildFile; fileRef = 535DD6A928B4CB7700A8D1D2 /* StringParser.swift */; };
		5366D9A928B6069F0013DBB6 /* DataBaseModel.swift in Sources */ = {isa = PBXBuildFile; fileRef = 5366D9A828B6069F0013DBB6 /* DataBaseModel.swift */; };
		5366D9AB28B621BA0013DBB6 /* Database.swift in Sources */ = {isa = PBXBuildFile; fileRef = 5366D9AA28B621BA0013DBB6 /* Database.swift */; };
		5366D9AD28B622040013DBB6 /* Flag.swift in Sources */ = {isa = PBXBuildFile; fileRef = 5366D9AC28B622040013DBB6 /* Flag.swift */; };
		5366D9B328B638D70013DBB6 /* ReleaseInfoCollectionCell.swift in Sources */ = {isa = PBXBuildFile; fileRef = 5366D9B128B638D70013DBB6 /* ReleaseInfoCollectionCell.swift */; };
		5366D9B428B638D70013DBB6 /* ReleaseInfoCollectionCell.xib in Resources */ = {isa = PBXBuildFile; fileRef = 5366D9B228B638D70013DBB6 /* ReleaseInfoCollectionCell.xib */; };
		536B2A3C28AE19260093B42C /* MainCollectionViewCell.swift in Sources */ = {isa = PBXBuildFile; fileRef = 536B2A3A28AE19260093B42C /* MainCollectionViewCell.swift */; };
		536B2A3D28AE19260093B42C /* MainCollectionViewCell.xib in Resources */ = {isa = PBXBuildFile; fileRef = 536B2A3B28AE19260093B42C /* MainCollectionViewCell.xib */; };
		537C94D228AF726B0019A9A6 /* ReleaseInfo.storyboard in Resources */ = {isa = PBXBuildFile; fileRef = 537C94D128AF726B0019A9A6 /* ReleaseInfo.storyboard */; };
		537C94D428AF72A90019A9A6 /* ReleaseInfoController.swift in Sources */ = {isa = PBXBuildFile; fileRef = 537C94D328AF72A90019A9A6 /* ReleaseInfoController.swift */; };
		537C94D628AF72BA0019A9A6 /* ReleaseInfoModel.swift in Sources */ = {isa = PBXBuildFile; fileRef = 537C94D528AF72BA0019A9A6 /* ReleaseInfoModel.swift */; };
		53E8B7BB28ACEDE600DDEFB3 /* AppDelegate.swift in Sources */ = {isa = PBXBuildFile; fileRef = 53E8B7BA28ACEDE600DDEFB3 /* AppDelegate.swift */; };
		53E8B7BD28ACEDE600DDEFB3 /* SceneDelegate.swift in Sources */ = {isa = PBXBuildFile; fileRef = 53E8B7BC28ACEDE600DDEFB3 /* SceneDelegate.swift */; };
		53E8B7BF28ACEDE600DDEFB3 /* ViewController.swift in Sources */ = {isa = PBXBuildFile; fileRef = 53E8B7BE28ACEDE600DDEFB3 /* ViewController.swift */; };
		53E8B7C228ACEDE600DDEFB3 /* Main.storyboard in Resources */ = {isa = PBXBuildFile; fileRef = 53E8B7C028ACEDE600DDEFB3 /* Main.storyboard */; };
		53E8B7C428ACEDE900DDEFB3 /* Assets.xcassets in Resources */ = {isa = PBXBuildFile; fileRef = 53E8B7C328ACEDE900DDEFB3 /* Assets.xcassets */; };
		53E8B7C728ACEDE900DDEFB3 /* LaunchScreen.storyboard in Resources */ = {isa = PBXBuildFile; fileRef = 53E8B7C528ACEDE900DDEFB3 /* LaunchScreen.storyboard */; };
		53E8B7D228AD07A000DDEFB3 /* ViewModel.swift in Sources */ = {isa = PBXBuildFile; fileRef = 53E8B7D128AD07A000DDEFB3 /* ViewModel.swift */; };
		D0443FEC1630B65C445DA1DC /* Pods_AniLease.framework in Frameworks */ = {isa = PBXBuildFile; fileRef = 290DE3FC22C3BA90C2504057 /* Pods_AniLease.framework */; };
/* End PBXBuildFile section */

/* Begin PBXFileReference section */
		290DE3FC22C3BA90C2504057 /* Pods_AniLease.framework */ = {isa = PBXFileReference; explicitFileType = wrapper.framework; includeInIndex = 0; path = Pods_AniLease.framework; sourceTree = BUILT_PRODUCTS_DIR; };
		3D805E4979BF73CB16D858C9 /* Pods-AniLease.debug.xcconfig */ = {isa = PBXFileReference; includeInIndex = 1; lastKnownFileType = text.xcconfig; name = "Pods-AniLease.debug.xcconfig"; path = "Target Support Files/Pods-AniLease/Pods-AniLease.debug.xcconfig"; sourceTree = "<group>"; };
		531697AD28BDF99300FB1B4F /* AddOrEditConnection.storyboard */ = {isa = PBXFileReference; lastKnownFileType = file.storyboard; path = AddOrEditConnection.storyboard; sourceTree = "<group>"; };
		531697B128BDFECC00FB1B4F /* EpisodCollectionViewCell.swift */ = {isa = PBXFileReference; lastKnownFileType = sourcecode.swift; path = EpisodCollectionViewCell.swift; sourceTree = "<group>"; };
		531697B228BDFECC00FB1B4F /* EpisodCollectionViewCell.xib */ = {isa = PBXFileReference; lastKnownFileType = file.xib; path = EpisodCollectionViewCell.xib; sourceTree = "<group>"; };
		531697B528BE035D00FB1B4F /* AddOrEditController.swift */ = {isa = PBXFileReference; lastKnownFileType = sourcecode.swift; path = AddOrEditController.swift; sourceTree = "<group>"; };
		531697B728BE036C00FB1B4F /* AddOrEditModel.swift */ = {isa = PBXFileReference; lastKnownFileType = sourcecode.swift; path = AddOrEditModel.swift; sourceTree = "<group>"; };
		531697BA28BE081E00FB1B4F /* EpisodCollectionCellModel.swift */ = {isa = PBXFileReference; lastKnownFileType = sourcecode.swift; path = EpisodCollectionCellModel.swift; sourceTree = "<group>"; };
		531697BC28BE237000FB1B4F /* ReleaseMainModel.swift */ = {isa = PBXFileReference; lastKnownFileType = sourcecode.swift; path = ReleaseMainModel.swift; sourceTree = "<group>"; };
		531DAAD928B8B12F0052FED1 /* ReleaseInfoCellModell.swift */ = {isa = PBXFileReference; lastKnownFileType = sourcecode.swift; path = ReleaseInfoCellModell.swift; sourceTree = "<group>"; };
		5349E30628B36EAF00D14A99 /* XMLstructModel.swift */ = {isa = PBXFileReference; lastKnownFileType = sourcecode.swift; path = XMLstructModel.swift; sourceTree = "<group>"; };
		5349E30828B3786300D14A99 /* liveChartParserXML.swift */ = {isa = PBXFileReference; lastKnownFileType = sourcecode.swift; path = liveChartParserXML.swift; sourceTree = "<group>"; };
		5349E30A28B3A74700D14A99 /* release.xml */ = {isa = PBXFileReference; lastKnownFileType = text.xml; path = release.xml; sourceTree = "<group>"; };
		535DD6A628B4C55700A8D1D2 /* EraiRawsParserXML.swift */ = {isa = PBXFileReference; lastKnownFileType = sourcecode.swift; path = EraiRawsParserXML.swift; sourceTree = "<group>"; };
		535DD6A928B4CB7700A8D1D2 /* StringParser.swift */ = {isa = PBXFileReference; lastKnownFileType = sourcecode.swift; path = StringParser.swift; sourceTree = "<group>"; };
		5366D9A828B6069F0013DBB6 /* DataBaseModel.swift */ = {isa = PBXFileReference; lastKnownFileType = sourcecode.swift; path = DataBaseModel.swift; sourceTree = "<group>"; };
		5366D9AA28B621BA0013DBB6 /* Database.swift */ = {isa = PBXFileReference; lastKnownFileType = sourcecode.swift; path = Database.swift; sourceTree = "<group>"; };
		5366D9AC28B622040013DBB6 /* Flag.swift */ = {isa = PBXFileReference; lastKnownFileType = sourcecode.swift; path = Flag.swift; sourceTree = "<group>"; };
		5366D9B128B638D70013DBB6 /* ReleaseInfoCollectionCell.swift */ = {isa = PBXFileReference; lastKnownFileType = sourcecode.swift; path = ReleaseInfoCollectionCell.swift; sourceTree = "<group>"; };
		5366D9B228B638D70013DBB6 /* ReleaseInfoCollectionCell.xib */ = {isa = PBXFileReference; lastKnownFileType = file.xib; path = ReleaseInfoCollectionCell.xib; sourceTree = "<group>"; };
		536B2A3A28AE19260093B42C /* MainCollectionViewCell.swift */ = {isa = PBXFileReference; lastKnownFileType = sourcecode.swift; path = MainCollectionViewCell.swift; sourceTree = "<group>"; };
		536B2A3B28AE19260093B42C /* MainCollectionViewCell.xib */ = {isa = PBXFileReference; lastKnownFileType = file.xib; path = MainCollectionViewCell.xib; sourceTree = "<group>"; };
		537C94D128AF726B0019A9A6 /* ReleaseInfo.storyboard */ = {isa = PBXFileReference; lastKnownFileType = file.storyboard; path = ReleaseInfo.storyboard; sourceTree = "<group>"; };
		537C94D328AF72A90019A9A6 /* ReleaseInfoController.swift */ = {isa = PBXFileReference; lastKnownFileType = sourcecode.swift; path = ReleaseInfoController.swift; sourceTree = "<group>"; };
		537C94D528AF72BA0019A9A6 /* ReleaseInfoModel.swift */ = {isa = PBXFileReference; lastKnownFileType = sourcecode.swift; path = ReleaseInfoModel.swift; sourceTree = "<group>"; };
		53E8B7B728ACEDE600DDEFB3 /* AniLease.app */ = {isa = PBXFileReference; explicitFileType = wrapper.application; includeInIndex = 0; path = AniLease.app; sourceTree = BUILT_PRODUCTS_DIR; };
		53E8B7BA28ACEDE600DDEFB3 /* AppDelegate.swift */ = {isa = PBXFileReference; lastKnownFileType = sourcecode.swift; path = AppDelegate.swift; sourceTree = "<group>"; };
		53E8B7BC28ACEDE600DDEFB3 /* SceneDelegate.swift */ = {isa = PBXFileReference; lastKnownFileType = sourcecode.swift; path = SceneDelegate.swift; sourceTree = "<group>"; };
		53E8B7BE28ACEDE600DDEFB3 /* ViewController.swift */ = {isa = PBXFileReference; lastKnownFileType = sourcecode.swift; path = ViewController.swift; sourceTree = "<group>"; };
		53E8B7C128ACEDE600DDEFB3 /* Base */ = {isa = PBXFileReference; lastKnownFileType = file.storyboard; name = Base; path = Base.lproj/Main.storyboard; sourceTree = "<group>"; };
		53E8B7C328ACEDE900DDEFB3 /* Assets.xcassets */ = {isa = PBXFileReference; lastKnownFileType = folder.assetcatalog; path = Assets.xcassets; sourceTree = "<group>"; };
		53E8B7C628ACEDE900DDEFB3 /* Base */ = {isa = PBXFileReference; lastKnownFileType = file.storyboard; name = Base; path = Base.lproj/LaunchScreen.storyboard; sourceTree = "<group>"; };
		53E8B7C828ACEDE900DDEFB3 /* Info.plist */ = {isa = PBXFileReference; lastKnownFileType = text.plist.xml; path = Info.plist; sourceTree = "<group>"; };
		53E8B7D128AD07A000DDEFB3 /* ViewModel.swift */ = {isa = PBXFileReference; lastKnownFileType = sourcecode.swift; path = ViewModel.swift; sourceTree = "<group>"; };
		8D8D3A118BED5EEF7A6AE560 /* Pods-AniLease.release.xcconfig */ = {isa = PBXFileReference; includeInIndex = 1; lastKnownFileType = text.xcconfig; name = "Pods-AniLease.release.xcconfig"; path = "Target Support Files/Pods-AniLease/Pods-AniLease.release.xcconfig"; sourceTree = "<group>"; };
/* End PBXFileReference section */

/* Begin PBXFrameworksBuildPhase section */
		53E8B7B428ACEDE600DDEFB3 /* Frameworks */ = {
			isa = PBXFrameworksBuildPhase;
			buildActionMask = 2147483647;
			files = (
				D0443FEC1630B65C445DA1DC /* Pods_AniLease.framework in Frameworks */,
			);
			runOnlyForDeploymentPostprocessing = 0;
		};
/* End PBXFrameworksBuildPhase section */

/* Begin PBXGroup section */
		531697AC28BDF96900FB1B4F /* AddOrEditConnection */ = {
			isa = PBXGroup;
			children = (
				531697AF28BDFEA100FB1B4F /* CollectionCellXib */,
				531697AD28BDF99300FB1B4F /* AddOrEditConnection.storyboard */,
				531697B528BE035D00FB1B4F /* AddOrEditController.swift */,
				531697B728BE036C00FB1B4F /* AddOrEditModel.swift */,
			);
			path = AddOrEditConnection;
			sourceTree = "<group>";
		};
		531697AF28BDFEA100FB1B4F /* CollectionCellXib */ = {
			isa = PBXGroup;
			children = (
				531697B128BDFECC00FB1B4F /* EpisodCollectionViewCell.swift */,
				531697B228BDFECC00FB1B4F /* EpisodCollectionViewCell.xib */,
			);
			path = CollectionCellXib;
			sourceTree = "<group>";
		};
		535DD6A828B4CB5A00A8D1D2 /* OtherClass */ = {
			isa = PBXGroup;
			children = (
				535DD6A928B4CB7700A8D1D2 /* StringParser.swift */,
				5366D9AC28B622040013DBB6 /* Flag.swift */,
			);
			path = OtherClass;
			sourceTree = "<group>";
		};
		5366D9A728B606680013DBB6 /* DataBase */ = {
			isa = PBXGroup;
			children = (
				5366D9AA28B621BA0013DBB6 /* Database.swift */,
			);
			path = DataBase;
			sourceTree = "<group>";
		};
		5366D9B028B6386F0013DBB6 /* collectionCellXib */ = {
			isa = PBXGroup;
			children = (
				5366D9B128B638D70013DBB6 /* ReleaseInfoCollectionCell.swift */,
				5366D9B228B638D70013DBB6 /* ReleaseInfoCollectionCell.xib */,
			);
			path = collectionCellXib;
			sourceTree = "<group>";
		};
		536B2A3928AE18D70093B42C /* CollectionCellXib */ = {
			isa = PBXGroup;
			children = (
				536B2A3A28AE19260093B42C /* MainCollectionViewCell.swift */,
				536B2A3B28AE19260093B42C /* MainCollectionViewCell.xib */,
			);
			path = CollectionCellXib;
			sourceTree = "<group>";
		};
		536B2A3E28AE35340093B42C /* Model */ = {
			isa = PBXGroup;
			children = (
				5366D9A828B6069F0013DBB6 /* DataBaseModel.swift */,
				5349E30628B36EAF00D14A99 /* XMLstructModel.swift */,
				531DAAD928B8B12F0052FED1 /* ReleaseInfoCellModell.swift */,
				531697BA28BE081E00FB1B4F /* EpisodCollectionCellModel.swift */,
				531697BC28BE237000FB1B4F /* ReleaseMainModel.swift */,
			);
			path = Model;
			sourceTree = "<group>";
		};
		537C94D028AF723E0019A9A6 /* ReleaseInfo */ = {
			isa = PBXGroup;
			children = (
				5366D9B028B6386F0013DBB6 /* collectionCellXib */,
				537C94D128AF726B0019A9A6 /* ReleaseInfo.storyboard */,
				537C94D328AF72A90019A9A6 /* ReleaseInfoController.swift */,
				537C94D528AF72BA0019A9A6 /* ReleaseInfoModel.swift */,
			);
			path = ReleaseInfo;
			sourceTree = "<group>";
		};
		537C94D728AF92130019A9A6 /* Network */ = {
			isa = PBXGroup;
			children = (
				5349E30828B3786300D14A99 /* liveChartParserXML.swift */,
				535DD6A628B4C55700A8D1D2 /* EraiRawsParserXML.swift */,
			);
			path = Network;
			sourceTree = "<group>";
		};
		53E8B7AE28ACEDE600DDEFB3 = {
			isa = PBXGroup;
			children = (
				53E8B7B928ACEDE600DDEFB3 /* AniLease */,
				53E8B7B828ACEDE600DDEFB3 /* Products */,
				BAB11114834023E26ACF81E7 /* Pods */,
				7B983B458499526EB06F9C50 /* Frameworks */,
			);
			sourceTree = "<group>";
		};
		53E8B7B828ACEDE600DDEFB3 /* Products */ = {
			isa = PBXGroup;
			children = (
				53E8B7B728ACEDE600DDEFB3 /* AniLease.app */,
			);
			name = Products;
			sourceTree = "<group>";
		};
		53E8B7B928ACEDE600DDEFB3 /* AniLease */ = {
			isa = PBXGroup;
			children = (
				5366D9A728B606680013DBB6 /* DataBase */,
				535DD6A828B4CB5A00A8D1D2 /* OtherClass */,
				537C94D728AF92130019A9A6 /* Network */,
				536B2A3E28AE35340093B42C /* Model */,
				53E8B7D028AD071E00DDEFB3 /* Application */,
				53E8B7CE28AD06B900DDEFB3 /* Modules */,
				53E8B7C328ACEDE900DDEFB3 /* Assets.xcassets */,
				53E8B7C828ACEDE900DDEFB3 /* Info.plist */,
				5349E30A28B3A74700D14A99 /* release.xml */,
			);
			path = AniLease;
			sourceTree = "<group>";
		};
		53E8B7CE28AD06B900DDEFB3 /* Modules */ = {
			isa = PBXGroup;
			children = (
				531697AC28BDF96900FB1B4F /* AddOrEditConnection */,
				537C94D028AF723E0019A9A6 /* ReleaseInfo */,
				53E8B7CF28AD06F200DDEFB3 /* Main */,
				53E8B7C528ACEDE900DDEFB3 /* LaunchScreen.storyboard */,
			);
			path = Modules;
			sourceTree = "<group>";
		};
		53E8B7CF28AD06F200DDEFB3 /* Main */ = {
			isa = PBXGroup;
			children = (
				536B2A3928AE18D70093B42C /* CollectionCellXib */,
				53E8B7BE28ACEDE600DDEFB3 /* ViewController.swift */,
				53E8B7C028ACEDE600DDEFB3 /* Main.storyboard */,
				53E8B7D128AD07A000DDEFB3 /* ViewModel.swift */,
			);
			path = Main;
			sourceTree = "<group>";
		};
		53E8B7D028AD071E00DDEFB3 /* Application */ = {
			isa = PBXGroup;
			children = (
				53E8B7BA28ACEDE600DDEFB3 /* AppDelegate.swift */,
				53E8B7BC28ACEDE600DDEFB3 /* SceneDelegate.swift */,
			);
			path = Application;
			sourceTree = "<group>";
		};
		7B983B458499526EB06F9C50 /* Frameworks */ = {
			isa = PBXGroup;
			children = (
				290DE3FC22C3BA90C2504057 /* Pods_AniLease.framework */,
			);
			name = Frameworks;
			sourceTree = "<group>";
		};
		BAB11114834023E26ACF81E7 /* Pods */ = {
			isa = PBXGroup;
			children = (
				3D805E4979BF73CB16D858C9 /* Pods-AniLease.debug.xcconfig */,
				8D8D3A118BED5EEF7A6AE560 /* Pods-AniLease.release.xcconfig */,
			);
			path = Pods;
			sourceTree = "<group>";
		};
/* End PBXGroup section */

/* Begin PBXNativeTarget section */
		53E8B7B628ACEDE600DDEFB3 /* AniLease */ = {
			isa = PBXNativeTarget;
			buildConfigurationList = 53E8B7CB28ACEDE900DDEFB3 /* Build configuration list for PBXNativeTarget "AniLease" */;
			buildPhases = (
				06D14AC57156C2478EED2A90 /* [CP] Check Pods Manifest.lock */,
				53E8B7B328ACEDE600DDEFB3 /* Sources */,
				53E8B7B428ACEDE600DDEFB3 /* Frameworks */,
				53E8B7B528ACEDE600DDEFB3 /* Resources */,
				C9AA1D086CC64DAF92DF4F06 /* [CP] Embed Pods Frameworks */,
			);
			buildRules = (
			);
			dependencies = (
			);
			name = AniLease;
			productName = AniLease;
			productReference = 53E8B7B728ACEDE600DDEFB3 /* AniLease.app */;
			productType = "com.apple.product-type.application";
		};
/* End PBXNativeTarget section */

/* Begin PBXProject section */
		53E8B7AF28ACEDE600DDEFB3 /* Project object */ = {
			isa = PBXProject;
			attributes = {
				BuildIndependentTargetsInParallel = 1;
				LastSwiftUpdateCheck = 1340;
				LastUpgradeCheck = 1340;
				TargetAttributes = {
					53E8B7B628ACEDE600DDEFB3 = {
						CreatedOnToolsVersion = 13.4.1;
					};
				};
			};
			buildConfigurationList = 53E8B7B228ACEDE600DDEFB3 /* Build configuration list for PBXProject "AniLease" */;
			compatibilityVersion = "Xcode 13.0";
			developmentRegion = en;
			hasScannedForEncodings = 0;
			knownRegions = (
				en,
				Base,
			);
			mainGroup = 53E8B7AE28ACEDE600DDEFB3;
			productRefGroup = 53E8B7B828ACEDE600DDEFB3 /* Products */;
			projectDirPath = "";
			projectRoot = "";
			targets = (
				53E8B7B628ACEDE600DDEFB3 /* AniLease */,
			);
		};
/* End PBXProject section */

/* Begin PBXResourcesBuildPhase section */
		53E8B7B528ACEDE600DDEFB3 /* Resources */ = {
			isa = PBXResourcesBuildPhase;
			buildActionMask = 2147483647;
			files = (
				531697B428BDFECC00FB1B4F /* EpisodCollectionViewCell.xib in Resources */,
				53E8B7C728ACEDE900DDEFB3 /* LaunchScreen.storyboard in Resources */,
				5366D9B428B638D70013DBB6 /* ReleaseInfoCollectionCell.xib in Resources */,
				53E8B7C428ACEDE900DDEFB3 /* Assets.xcassets in Resources */,
				53E8B7C228ACEDE600DDEFB3 /* Main.storyboard in Resources */,
				536B2A3D28AE19260093B42C /* MainCollectionViewCell.xib in Resources */,
				531697AE28BDF99300FB1B4F /* AddOrEditConnection.storyboard in Resources */,
				537C94D228AF726B0019A9A6 /* ReleaseInfo.storyboard in Resources */,
			);
			runOnlyForDeploymentPostprocessing = 0;
		};
/* End PBXResourcesBuildPhase section */

/* Begin PBXShellScriptBuildPhase section */
		06D14AC57156C2478EED2A90 /* [CP] Check Pods Manifest.lock */ = {
			isa = PBXShellScriptBuildPhase;
			buildActionMask = 2147483647;
			files = (
			);
			inputFileListPaths = (
			);
			inputPaths = (
				"${PODS_PODFILE_DIR_PATH}/Podfile.lock",
				"${PODS_ROOT}/Manifest.lock",
			);
			name = "[CP] Check Pods Manifest.lock";
			outputFileListPaths = (
			);
			outputPaths = (
				"$(DERIVED_FILE_DIR)/Pods-AniLease-checkManifestLockResult.txt",
			);
			runOnlyForDeploymentPostprocessing = 0;
			shellPath = /bin/sh;
			shellScript = "diff \"${PODS_PODFILE_DIR_PATH}/Podfile.lock\" \"${PODS_ROOT}/Manifest.lock\" > /dev/null\nif [ $? != 0 ] ; then\n    # print error to STDERR\n    echo \"error: The sandbox is not in sync with the Podfile.lock. Run 'pod install' or update your CocoaPods installation.\" >&2\n    exit 1\nfi\n# This output is used by Xcode 'outputs' to avoid re-running this script phase.\necho \"SUCCESS\" > \"${SCRIPT_OUTPUT_FILE_0}\"\n";
			showEnvVarsInLog = 0;
		};
		C9AA1D086CC64DAF92DF4F06 /* [CP] Embed Pods Frameworks */ = {
			isa = PBXShellScriptBuildPhase;
			buildActionMask = 2147483647;
			files = (
			);
			inputFileListPaths = (
				"${PODS_ROOT}/Target Support Files/Pods-AniLease/Pods-AniLease-frameworks-${CONFIGURATION}-input-files.xcfilelist",
			);
			name = "[CP] Embed Pods Frameworks";
			outputFileListPaths = (
				"${PODS_ROOT}/Target Support Files/Pods-AniLease/Pods-AniLease-frameworks-${CONFIGURATION}-output-files.xcfilelist",
			);
			runOnlyForDeploymentPostprocessing = 0;
			shellPath = /bin/sh;
			shellScript = "\"${PODS_ROOT}/Target Support Files/Pods-AniLease/Pods-AniLease-frameworks.sh\"\n";
			showEnvVarsInLog = 0;
		};
/* End PBXShellScriptBuildPhase section */

/* Begin PBXSourcesBuildPhase section */
		53E8B7B328ACEDE600DDEFB3 /* Sources */ = {
			isa = PBXSourcesBuildPhase;
			buildActionMask = 2147483647;
			files = (
				537C94D428AF72A90019A9A6 /* ReleaseInfoController.swift in Sources */,
				53E8B7BF28ACEDE600DDEFB3 /* ViewController.swift in Sources */,
				535DD6AA28B4CB7700A8D1D2 /* StringParser.swift in Sources */,
				531697B628BE035D00FB1B4F /* AddOrEditController.swift in Sources */,
				5366D9AB28B621BA0013DBB6 /* Database.swift in Sources */,
				531DAADA28B8B12F0052FED1 /* ReleaseInfoCellModell.swift in Sources */,
				5349E30728B36EAF00D14A99 /* XMLstructModel.swift in Sources */,
				53E8B7BB28ACEDE600DDEFB3 /* AppDelegate.swift in Sources */,
				531697BD28BE237000FB1B4F /* ReleaseMainModel.swift in Sources */,
				531697B828BE036C00FB1B4F /* AddOrEditModel.swift in Sources */,
				5366D9A928B6069F0013DBB6 /* DataBaseModel.swift in Sources */,
				531697BB28BE081E00FB1B4F /* EpisodCollectionCellModel.swift in Sources */,
				531697B328BDFECC00FB1B4F /* EpisodCollectionViewCell.swift in Sources */,
				536B2A3C28AE19260093B42C /* MainCollectionViewCell.swift in Sources */,
				53E8B7D228AD07A000DDEFB3 /* ViewModel.swift in Sources */,
				5366D9B328B638D70013DBB6 /* ReleaseInfoCollectionCell.swift in Sources */,
				53E8B7BD28ACEDE600DDEFB3 /* SceneDelegate.swift in Sources */,
				5349E30928B3786300D14A99 /* liveChartParserXML.swift in Sources */,
				535DD6A728B4C55700A8D1D2 /* EraiRawsParserXML.swift in Sources */,
				537C94D628AF72BA0019A9A6 /* ReleaseInfoModel.swift in Sources */,
				5366D9AD28B622040013DBB6 /* Flag.swift in Sources */,
			);
			runOnlyForDeploymentPostprocessing = 0;
		};
/* End PBXSourcesBuildPhase section */

/* Begin PBXVariantGroup section */
		53E8B7C028ACEDE600DDEFB3 /* Main.storyboard */ = {
			isa = PBXVariantGroup;
			children = (
				53E8B7C128ACEDE600DDEFB3 /* Base */,
			);
			name = Main.storyboard;
			sourceTree = "<group>";
		};
		53E8B7C528ACEDE900DDEFB3 /* LaunchScreen.storyboard */ = {
			isa = PBXVariantGroup;
			children = (
				53E8B7C628ACEDE900DDEFB3 /* Base */,
			);
			name = LaunchScreen.storyboard;
			sourceTree = "<group>";
		};
/* End PBXVariantGroup section */

/* Begin XCBuildConfiguration section */
		53E8B7C928ACEDE900DDEFB3 /* Debug */ = {
			isa = XCBuildConfiguration;
			buildSettings = {
				ALWAYS_SEARCH_USER_PATHS = NO;
				CLANG_ANALYZER_NONNULL = YES;
				CLANG_ANALYZER_NUMBER_OBJECT_CONVERSION = YES_AGGRESSIVE;
				CLANG_CXX_LANGUAGE_STANDARD = "gnu++17";
				CLANG_ENABLE_MODULES = YES;
				CLANG_ENABLE_OBJC_ARC = YES;
				CLANG_ENABLE_OBJC_WEAK = YES;
				CLANG_WARN_BLOCK_CAPTURE_AUTORELEASING = YES;
				CLANG_WARN_BOOL_CONVERSION = YES;
				CLANG_WARN_COMMA = YES;
				CLANG_WARN_CONSTANT_CONVERSION = YES;
				CLANG_WARN_DEPRECATED_OBJC_IMPLEMENTATIONS = YES;
				CLANG_WARN_DIRECT_OBJC_ISA_USAGE = YES_ERROR;
				CLANG_WARN_DOCUMENTATION_COMMENTS = YES;
				CLANG_WARN_EMPTY_BODY = YES;
				CLANG_WARN_ENUM_CONVERSION = YES;
				CLANG_WARN_INFINITE_RECURSION = YES;
				CLANG_WARN_INT_CONVERSION = YES;
				CLANG_WARN_NON_LITERAL_NULL_CONVERSION = YES;
				CLANG_WARN_OBJC_IMPLICIT_RETAIN_SELF = YES;
				CLANG_WARN_OBJC_LITERAL_CONVERSION = YES;
				CLANG_WARN_OBJC_ROOT_CLASS = YES_ERROR;
				CLANG_WARN_QUOTED_INCLUDE_IN_FRAMEWORK_HEADER = YES;
				CLANG_WARN_RANGE_LOOP_ANALYSIS = YES;
				CLANG_WARN_STRICT_PROTOTYPES = YES;
				CLANG_WARN_SUSPICIOUS_MOVE = YES;
				CLANG_WARN_UNGUARDED_AVAILABILITY = YES_AGGRESSIVE;
				CLANG_WARN_UNREACHABLE_CODE = YES;
				CLANG_WARN__DUPLICATE_METHOD_MATCH = YES;
				COPY_PHASE_STRIP = NO;
				DEBUG_INFORMATION_FORMAT = dwarf;
				ENABLE_STRICT_OBJC_MSGSEND = YES;
				ENABLE_TESTABILITY = YES;
				GCC_C_LANGUAGE_STANDARD = gnu11;
				GCC_DYNAMIC_NO_PIC = NO;
				GCC_NO_COMMON_BLOCKS = YES;
				GCC_OPTIMIZATION_LEVEL = 0;
				GCC_PREPROCESSOR_DEFINITIONS = (
					"DEBUG=1",
					"$(inherited)",
				);
				GCC_WARN_64_TO_32_BIT_CONVERSION = YES;
				GCC_WARN_ABOUT_RETURN_TYPE = YES_ERROR;
				GCC_WARN_UNDECLARED_SELECTOR = YES;
				GCC_WARN_UNINITIALIZED_AUTOS = YES_AGGRESSIVE;
				GCC_WARN_UNUSED_FUNCTION = YES;
				GCC_WARN_UNUSED_VARIABLE = YES;
				IPHONEOS_DEPLOYMENT_TARGET = 15.5;
				MTL_ENABLE_DEBUG_INFO = INCLUDE_SOURCE;
				MTL_FAST_MATH = YES;
				ONLY_ACTIVE_ARCH = YES;
				SDKROOT = iphoneos;
				SWIFT_ACTIVE_COMPILATION_CONDITIONS = DEBUG;
				SWIFT_OPTIMIZATION_LEVEL = "-Onone";
			};
			name = Debug;
		};
		53E8B7CA28ACEDE900DDEFB3 /* Release */ = {
			isa = XCBuildConfiguration;
			buildSettings = {
				ALWAYS_SEARCH_USER_PATHS = NO;
				CLANG_ANALYZER_NONNULL = YES;
				CLANG_ANALYZER_NUMBER_OBJECT_CONVERSION = YES_AGGRESSIVE;
				CLANG_CXX_LANGUAGE_STANDARD = "gnu++17";
				CLANG_ENABLE_MODULES = YES;
				CLANG_ENABLE_OBJC_ARC = YES;
				CLANG_ENABLE_OBJC_WEAK = YES;
				CLANG_WARN_BLOCK_CAPTURE_AUTORELEASING = YES;
				CLANG_WARN_BOOL_CONVERSION = YES;
				CLANG_WARN_COMMA = YES;
				CLANG_WARN_CONSTANT_CONVERSION = YES;
				CLANG_WARN_DEPRECATED_OBJC_IMPLEMENTATIONS = YES;
				CLANG_WARN_DIRECT_OBJC_ISA_USAGE = YES_ERROR;
				CLANG_WARN_DOCUMENTATION_COMMENTS = YES;
				CLANG_WARN_EMPTY_BODY = YES;
				CLANG_WARN_ENUM_CONVERSION = YES;
				CLANG_WARN_INFINITE_RECURSION = YES;
				CLANG_WARN_INT_CONVERSION = YES;
				CLANG_WARN_NON_LITERAL_NULL_CONVERSION = YES;
				CLANG_WARN_OBJC_IMPLICIT_RETAIN_SELF = YES;
				CLANG_WARN_OBJC_LITERAL_CONVERSION = YES;
				CLANG_WARN_OBJC_ROOT_CLASS = YES_ERROR;
				CLANG_WARN_QUOTED_INCLUDE_IN_FRAMEWORK_HEADER = YES;
				CLANG_WARN_RANGE_LOOP_ANALYSIS = YES;
				CLANG_WARN_STRICT_PROTOTYPES = YES;
				CLANG_WARN_SUSPICIOUS_MOVE = YES;
				CLANG_WARN_UNGUARDED_AVAILABILITY = YES_AGGRESSIVE;
				CLANG_WARN_UNREACHABLE_CODE = YES;
				CLANG_WARN__DUPLICATE_METHOD_MATCH = YES;
				COPY_PHASE_STRIP = NO;
				DEBUG_INFORMATION_FORMAT = "dwarf-with-dsym";
				ENABLE_NS_ASSERTIONS = NO;
				ENABLE_STRICT_OBJC_MSGSEND = YES;
				GCC_C_LANGUAGE_STANDARD = gnu11;
				GCC_NO_COMMON_BLOCKS = YES;
				GCC_WARN_64_TO_32_BIT_CONVERSION = YES;
				GCC_WARN_ABOUT_RETURN_TYPE = YES_ERROR;
				GCC_WARN_UNDECLARED_SELECTOR = YES;
				GCC_WARN_UNINITIALIZED_AUTOS = YES_AGGRESSIVE;
				GCC_WARN_UNUSED_FUNCTION = YES;
				GCC_WARN_UNUSED_VARIABLE = YES;
				IPHONEOS_DEPLOYMENT_TARGET = 15.5;
				MTL_ENABLE_DEBUG_INFO = NO;
				MTL_FAST_MATH = YES;
				SDKROOT = iphoneos;
				SWIFT_COMPILATION_MODE = wholemodule;
				SWIFT_OPTIMIZATION_LEVEL = "-O";
				VALIDATE_PRODUCT = YES;
			};
			name = Release;
		};
		53E8B7CC28ACEDE900DDEFB3 /* Debug */ = {
			isa = XCBuildConfiguration;
			baseConfigurationReference = 3D805E4979BF73CB16D858C9 /* Pods-AniLease.debug.xcconfig */;
			buildSettings = {
				ASSETCATALOG_COMPILER_APPICON_NAME = AppIcon;
				ASSETCATALOG_COMPILER_GLOBAL_ACCENT_COLOR_NAME = AccentColor;
				CODE_SIGN_STYLE = Automatic;
				CURRENT_PROJECT_VERSION = 1;
				DEVELOPMENT_TEAM = 5B5344R563;
				GENERATE_INFOPLIST_FILE = YES;
				INFOPLIST_FILE = AniLease/Info.plist;
				INFOPLIST_KEY_UIApplicationSupportsIndirectInputEvents = YES;
				INFOPLIST_KEY_UILaunchStoryboardName = LaunchScreen;
				INFOPLIST_KEY_UIMainStoryboardFile = Main;
				INFOPLIST_KEY_UISupportedInterfaceOrientations_iPad = "UIInterfaceOrientationPortrait UIInterfaceOrientationPortraitUpsideDown UIInterfaceOrientationLandscapeLeft UIInterfaceOrientationLandscapeRight";
				INFOPLIST_KEY_UISupportedInterfaceOrientations_iPhone = "UIInterfaceOrientationPortrait UIInterfaceOrientationLandscapeLeft UIInterfaceOrientationLandscapeRight";
				IPHONEOS_DEPLOYMENT_TARGET = 15.5;
				LD_RUNPATH_SEARCH_PATHS = (
					"$(inherited)",
					"@executable_path/Frameworks",
				);
				MARKETING_VERSION = 1.0;
				PRODUCT_BUNDLE_IDENTIFIER = vironit.AniLease;
				PRODUCT_NAME = "$(TARGET_NAME)";
				SWIFT_EMIT_LOC_STRINGS = YES;
				SWIFT_VERSION = 5.0;
				TARGETED_DEVICE_FAMILY = 1;
			};
			name = Debug;
		};
		53E8B7CD28ACEDE900DDEFB3 /* Release */ = {
			isa = XCBuildConfiguration;
			baseConfigurationReference = 8D8D3A118BED5EEF7A6AE560 /* Pods-AniLease.release.xcconfig */;
			buildSettings = {
				ASSETCATALOG_COMPILER_APPICON_NAME = AppIcon;
				ASSETCATALOG_COMPILER_GLOBAL_ACCENT_COLOR_NAME = AccentColor;
				CODE_SIGN_STYLE = Automatic;
				CURRENT_PROJECT_VERSION = 1;
				DEVELOPMENT_TEAM = 5B5344R563;
				GENERATE_INFOPLIST_FILE = YES;
				INFOPLIST_FILE = AniLease/Info.plist;
				INFOPLIST_KEY_UIApplicationSupportsIndirectInputEvents = YES;
				INFOPLIST_KEY_UILaunchStoryboardName = LaunchScreen;
				INFOPLIST_KEY_UIMainStoryboardFile = Main;
				INFOPLIST_KEY_UISupportedInterfaceOrientations_iPad = "UIInterfaceOrientationPortrait UIInterfaceOrientationPortraitUpsideDown UIInterfaceOrientationLandscapeLeft UIInterfaceOrientationLandscapeRight";
				INFOPLIST_KEY_UISupportedInterfaceOrientations_iPhone = "UIInterfaceOrientationPortrait UIInterfaceOrientationLandscapeLeft UIInterfaceOrientationLandscapeRight";
				IPHONEOS_DEPLOYMENT_TARGET = 15.5;
				LD_RUNPATH_SEARCH_PATHS = (
					"$(inherited)",
					"@executable_path/Frameworks",
				);
				MARKETING_VERSION = 1.0;
				PRODUCT_BUNDLE_IDENTIFIER = vironit.AniLease;
				PRODUCT_NAME = "$(TARGET_NAME)";
				SWIFT_EMIT_LOC_STRINGS = YES;
				SWIFT_VERSION = 5.0;
				TARGETED_DEVICE_FAMILY = 1;
			};
			name = Release;
		};
/* End XCBuildConfiguration section */

/* Begin XCConfigurationList section */
		53E8B7B228ACEDE600DDEFB3 /* Build configuration list for PBXProject "AniLease" */ = {
			isa = XCConfigurationList;
			buildConfigurations = (
				53E8B7C928ACEDE900DDEFB3 /* Debug */,
				53E8B7CA28ACEDE900DDEFB3 /* Release */,
			);
			defaultConfigurationIsVisible = 0;
			defaultConfigurationName = Release;
		};
		53E8B7CB28ACEDE900DDEFB3 /* Build configuration list for PBXNativeTarget "AniLease" */ = {
			isa = XCConfigurationList;
			buildConfigurations = (
				53E8B7CC28ACEDE900DDEFB3 /* Debug */,
				53E8B7CD28ACEDE900DDEFB3 /* Release */,
			);
			defaultConfigurationIsVisible = 0;
			defaultConfigurationName = Release;
		};
/* End XCConfigurationList section */
	};
	rootObject = 53E8B7AF28ACEDE600DDEFB3 /* Project object */;
}
